
Microsoft Visual Studio Solution File, Format Version 12.00
# Visual Studio Version 17
VisualStudioVersion = 17.12.35527.113
MinimumVisualStudioVersion = 10.0.40219.1
Project("{FAE04EC0-301F-11D3-BF4B-00C04F79EFBC}") = "WPFProductManagment", "WPFProductManagment\WPFProductManagment.csproj", "{F8BC8864-74D6-417B-9C56-6A74C012B765}"
EndProject
Project("{FAE04EC0-301F-11D3-BF4B-00C04F79EFBC}") = "DataAccess", "DataAccess\DataAccess.csproj", "{C3B07356-23AD-4B4C-ADBF-BB7E0F6857F3}"
EndProject
Global
	GlobalSection(SolutionConfigurationPlatforms) = preSolution
		Debug|Any CPU = Debug|Any CPU
		Release|Any CPU = Release|Any CPU
	EndGlobalSection
	GlobalSection(ProjectConfigurationPlatforms) = postSolution
		{F8BC8864-74D6-417B-9C56-6A74C012B765}.Debug|Any CPU.ActiveCfg = Debug|Any CPU
		{F8BC8864-74D6-417B-9C56-6A74C012B765}.Debug|Any CPU.Build.0 = Debug|Any CPU
		{F8BC8864-74D6-417B-9C56-6A74C012B765}.Release|Any CPU.ActiveCfg = Release|Any CPU
		{F8BC8864-74D6-417B-9C56-6A74C012B765}.Release|Any CPU.Build.0 = Release|Any CPU
		{C3B07356-23AD-4B4C-ADBF-BB7E0F6857F3}.Debug|Any CPU.ActiveCfg = Debug|Any CPU
		{C3B07356-23AD-4B4C-ADBF-BB7E0F6857F3}.Debug|Any CPU.Build.0 = Debug|Any CPU
		{C3B07356-23AD-4B4C-ADBF-BB7E0F6857F3}.Release|Any CPU.ActiveCfg = Release|Any CPU
		{C3B07356-23AD-4B4C-ADBF-BB7E0F6857F3}.Release|Any CPU.Build.0 = Release|Any CPU
	EndGlobalSection
	GlobalSection(SolutionProperties) = preSolution
		HideSolutionNode = FALSE
	EndGlobalSection
EndGlobal
